// !$*UTF8*$!
{
	archiveVersion = 1;
	classes = {
	};
	objectVersion = 56;
	objects = {

/* Begin PBXBuildFile section */
		E7CF810E2A28389600A7E5DF /* main.swift in Sources */ = {isa = PBXBuildFile; fileRef = E7CF810D2A28389600A7E5DF /* main.swift */; };
		E7CF81282A2880A100A7E5DF /* Merge.swift in Sources */ = {isa = PBXBuildFile; fileRef = E7CF81272A2880A100A7E5DF /* Merge.swift */; };
		E7CF812C2A28A22000A7E5DF /* ComparableObject.swift in Sources */ = {isa = PBXBuildFile; fileRef = E7CF812B2A28A22000A7E5DF /* ComparableObject.swift */; };
		E7CF81422A298BB400A7E5DF /* Quick.swift in Sources */ = {isa = PBXBuildFile; fileRef = E7CF81412A298BB300A7E5DF /* Quick.swift */; };
		E7CF81462A299D3700A7E5DF /* Inserction.swift in Sources */ = {isa = PBXBuildFile; fileRef = E7CF81452A299D3700A7E5DF /* Inserction.swift */; };
		E7CF81482A299DCD00A7E5DF /* Selection.swift in Sources */ = {isa = PBXBuildFile; fileRef = E7CF81472A299DCD00A7E5DF /* Selection.swift */; };
		E7CF814B2A29E3FB00A7E5DF /* Shell.swift in Sources */ = {isa = PBXBuildFile; fileRef = E7CF814A2A29E3FB00A7E5DF /* Shell.swift */; };
/* End PBXBuildFile section */

/* Begin PBXCopyFilesBuildPhase section */
		E7CF81082A28389600A7E5DF /* CopyFiles */ = {
			isa = PBXCopyFilesBuildPhase;
			buildActionMask = 2147483647;
			dstPath = /usr/share/man/man1/;
			dstSubfolderSpec = 0;
			files = (
			);
			runOnlyForDeploymentPostprocessing = 1;
		};
/* End PBXCopyFilesBuildPhase section */

/* Begin PBXFileReference section */
		E7CF810A2A28389600A7E5DF /* sort_swift */ = {isa = PBXFileReference; explicitFileType = "compiled.mach-o.executable"; includeInIndex = 0; path = sort_swift; sourceTree = BUILT_PRODUCTS_DIR; };
		E7CF810D2A28389600A7E5DF /* main.swift */ = {isa = PBXFileReference; lastKnownFileType = sourcecode.swift; path = main.swift; sourceTree = "<group>"; };
		E7CF81272A2880A100A7E5DF /* Merge.swift */ = {isa = PBXFileReference; lastKnownFileType = sourcecode.swift; path = Merge.swift; sourceTree = "<group>"; };
		E7CF812B2A28A22000A7E5DF /* ComparableObject.swift */ = {isa = PBXFileReference; fileEncoding = 4; lastKnownFileType = sourcecode.swift; path = ComparableObject.swift; sourceTree = "<group>"; };
		E7CF81412A298BB300A7E5DF /* Quick.swift */ = {isa = PBXFileReference; lastKnownFileType = sourcecode.swift; path = Quick.swift; sourceTree = "<group>"; };
		E7CF81452A299D3700A7E5DF /* Inserction.swift */ = {isa = PBXFileReference; fileEncoding = 4; lastKnownFileType = sourcecode.swift; path = Inserction.swift; sourceTree = "<group>"; };
		E7CF81472A299DCD00A7E5DF /* Selection.swift */ = {isa = PBXFileReference; lastKnownFileType = sourcecode.swift; path = Selection.swift; sourceTree = "<group>"; };
		E7CF814A2A29E3FB00A7E5DF /* Shell.swift */ = {isa = PBXFileReference; lastKnownFileType = sourcecode.swift; path = Shell.swift; sourceTree = "<group>"; };
/* End PBXFileReference section */

/* Begin PBXFrameworksBuildPhase section */
		E7CF81072A28389600A7E5DF /* Frameworks */ = {
			isa = PBXFrameworksBuildPhase;
			buildActionMask = 2147483647;
			files = (
			);
			runOnlyForDeploymentPostprocessing = 0;
		};
/* End PBXFrameworksBuildPhase section */

/* Begin PBXGroup section */
		E7CF81012A28389600A7E5DF = {
			isa = PBXGroup;
			children = (
				E7CF810C2A28389600A7E5DF /* sort_swift */,
				E7CF810B2A28389600A7E5DF /* Products */,
			);
			sourceTree = "<group>";
		};
		E7CF810B2A28389600A7E5DF /* Products */ = {
			isa = PBXGroup;
			children = (
				E7CF810A2A28389600A7E5DF /* sort_swift */,
			);
			name = Products;
			sourceTree = "<group>";
		};
		E7CF810C2A28389600A7E5DF /* sort_swift */ = {
			isa = PBXGroup;
			children = (
				E7CF810D2A28389600A7E5DF /* main.swift */,
				E7CF812B2A28A22000A7E5DF /* ComparableObject.swift */,
				E7CF81472A299DCD00A7E5DF /* Selection.swift */,
				E7CF81452A299D3700A7E5DF /* Inserction.swift */,
				E7CF814A2A29E3FB00A7E5DF /* Shell.swift */,
				E7CF81272A2880A100A7E5DF /* Merge.swift */,
				E7CF81412A298BB300A7E5DF /* Quick.swift */,
			);
			path = sort_swift;
			sourceTree = "<group>";
		};
/* End PBXGroup section */

/* Begin PBXNativeTarget section */
		E7CF81092A28389600A7E5DF /* sort_swift */ = {
			isa = PBXNativeTarget;
			buildConfigurationList = E7CF81112A28389600A7E5DF /* Build configuration list for PBXNativeTarget "sort_swift" */;
			buildPhases = (
				E7CF81062A28389600A7E5DF /* Sources */,
				E7CF81072A28389600A7E5DF /* Frameworks */,
				E7CF81082A28389600A7E5DF /* CopyFiles */,
			);
			buildRules = (
			);
			dependencies = (
			);
			name = sort_swift;
			productName = sort_swift;
			productReference = E7CF810A2A28389600A7E5DF /* sort_swift */;
			productType = "com.apple.product-type.tool";
		};
/* End PBXNativeTarget section */

/* Begin PBXProject section */
		E7CF81022A28389600A7E5DF /* Project object */ = {
			isa = PBXProject;
			attributes = {
				BuildIndependentTargetsInParallel = 1;
				LastSwiftUpdateCheck = 1430;
				LastUpgradeCheck = 1430;
				TargetAttributes = {
					E7CF81092A28389600A7E5DF = {
						CreatedOnToolsVersion = 14.3;
					};
				};
			};
			buildConfigurationList = E7CF81052A28389600A7E5DF /* Build configuration list for PBXProject "sort_swift" */;
			compatibilityVersion = "Xcode 14.0";
			developmentRegion = en;
			hasScannedForEncodings = 0;
			knownRegions = (
				en,
				Base,
			);
			mainGroup = E7CF81012A28389600A7E5DF;
			productRefGroup = E7CF810B2A28389600A7E5DF /* Products */;
			projectDirPath = "";
			projectRoot = "";
			targets = (
				E7CF81092A28389600A7E5DF /* sort_swift */,
			);
		};
/* End PBXProject section */

/* Begin PBXSourcesBuildPhase section */
		E7CF81062A28389600A7E5DF /* Sources */ = {
			isa = PBXSourcesBuildPhase;
			buildActionMask = 2147483647;
			files = (
				E7CF81482A299DCD00A7E5DF /* Selection.swift in Sources */,
				E7CF814B2A29E3FB00A7E5DF /* Shell.swift in Sources */,
				E7CF812C2A28A22000A7E5DF /* ComparableObject.swift in Sources */,
				E7CF81282A2880A100A7E5DF /* Merge.swift in Sources */,
				E7CF810E2A28389600A7E5DF /* main.swift in Sources */,
				E7CF81462A299D3700A7E5DF /* Inserction.swift in Sources */,
				E7CF81422A298BB400A7E5DF /* Quick.swift in Sources */,
			);
			runOnlyForDeploymentPostprocessing = 0;
		};
/* End PBXSourcesBuildPhase section */

/* Begin XCBuildConfiguration section */
		E7CF810F2A28389600A7E5DF /* Debug */ = {
			isa = XCBuildConfiguration;
			buildSettings = {
				ALWAYS_SEARCH_USER_PATHS = NO;
				CLANG_ANALYZER_NONNULL = YES;
				CLANG_ANALYZER_NUMBER_OBJECT_CONVERSION = YES_AGGRESSIVE;
				CLANG_CXX_LANGUAGE_STANDARD = "gnu++20";
				CLANG_ENABLE_MODULES = YES;
				CLANG_ENABLE_OBJC_ARC = YES;
				CLANG_ENABLE_OBJC_WEAK = YES;
				CLANG_WARN_BLOCK_CAPTURE_AUTORELEASING = YES;
				CLANG_WARN_BOOL_CONVERSION = YES;
				CLANG_WARN_COMMA = YES;
				CLANG_WARN_CONSTANT_CONVERSION = YES;
				CLANG_WARN_DEPRECATED_OBJC_IMPLEMENTATIONS = YES;
				CLANG_WARN_DIRECT_OBJC_ISA_USAGE = YES_ERROR;
				CLANG_WARN_DOCUMENTATION_COMMENTS = YES;
				CLANG_WARN_EMPTY_BODY = YES;
				CLANG_WARN_ENUM_CONVERSION = YES;
				CLANG_WARN_INFINITE_RECURSION = YES;
				CLANG_WARN_INT_CONVERSION = YES;
				CLANG_WARN_NON_LITERAL_NULL_CONVERSION = YES;
				CLANG_WARN_OBJC_IMPLICIT_RETAIN_SELF = YES;
				CLANG_WARN_OBJC_LITERAL_CONVERSION = YES;
				CLANG_WARN_OBJC_ROOT_CLASS = YES_ERROR;
				CLANG_WARN_QUOTED_INCLUDE_IN_FRAMEWORK_HEADER = YES;
				CLANG_WARN_RANGE_LOOP_ANALYSIS = YES;
				CLANG_WARN_STRICT_PROTOTYPES = YES;
				CLANG_WARN_SUSPICIOUS_MOVE = YES;
				CLANG_WARN_UNGUARDED_AVAILABILITY = YES_AGGRESSIVE;
				CLANG_WARN_UNREACHABLE_CODE = YES;
				CLANG_WARN__DUPLICATE_METHOD_MATCH = YES;
				COPY_PHASE_STRIP = NO;
				DEBUG_INFORMATION_FORMAT = dwarf;
				ENABLE_STRICT_OBJC_MSGSEND = YES;
				ENABLE_TESTABILITY = YES;
				GCC_C_LANGUAGE_STANDARD = gnu11;
				GCC_DYNAMIC_NO_PIC = NO;
				GCC_NO_COMMON_BLOCKS = YES;
				GCC_OPTIMIZATION_LEVEL = 0;
				GCC_PREPROCESSOR_DEFINITIONS = (
					"DEBUG=1",
					"$(inherited)",
				);
				GCC_WARN_64_TO_32_BIT_CONVERSION = YES;
				GCC_WARN_ABOUT_RETURN_TYPE = YES_ERROR;
				GCC_WARN_UNDECLARED_SELECTOR = YES;
				GCC_WARN_UNINITIALIZED_AUTOS = YES_AGGRESSIVE;
				GCC_WARN_UNUSED_FUNCTION = YES;
				GCC_WARN_UNUSED_VARIABLE = YES;
				MACOSX_DEPLOYMENT_TARGET = 13.3;
				MTL_ENABLE_DEBUG_INFO = INCLUDE_SOURCE;
				MTL_FAST_MATH = YES;
				ONLY_ACTIVE_ARCH = YES;
				SDKROOT = macosx;
				SWIFT_ACTIVE_COMPILATION_CONDITIONS = DEBUG;
				SWIFT_OPTIMIZATION_LEVEL = "-Onone";
			};
			name = Debug;
		};
		E7CF81102A28389600A7E5DF /* Release */ = {
			isa = XCBuildConfiguration;
			buildSettings = {
				ALWAYS_SEARCH_USER_PATHS = NO;
				CLANG_ANALYZER_NONNULL = YES;
				CLANG_ANALYZER_NUMBER_OBJECT_CONVERSION = YES_AGGRESSIVE;
				CLANG_CXX_LANGUAGE_STANDARD = "gnu++20";
				CLANG_ENABLE_MODULES = YES;
				CLANG_ENABLE_OBJC_ARC = YES;
				CLANG_ENABLE_OBJC_WEAK = YES;
				CLANG_WARN_BLOCK_CAPTURE_AUTORELEASING = YES;
				CLANG_WARN_BOOL_CONVERSION = YES;
				CLANG_WARN_COMMA = YES;
				CLANG_WARN_CONSTANT_CONVERSION = YES;
				CLANG_WARN_DEPRECATED_OBJC_IMPLEMENTATIONS = YES;
				CLANG_WARN_DIRECT_OBJC_ISA_USAGE = YES_ERROR;
				CLANG_WARN_DOCUMENTATION_COMMENTS = YES;
				CLANG_WARN_EMPTY_BODY = YES;
				CLANG_WARN_ENUM_CONVERSION = YES;
				CLANG_WARN_INFINITE_RECURSION = YES;
				CLANG_WARN_INT_CONVERSION = YES;
				CLANG_WARN_NON_LITERAL_NULL_CONVERSION = YES;
				CLANG_WARN_OBJC_IMPLICIT_RETAIN_SELF = YES;
				CLANG_WARN_OBJC_LITERAL_CONVERSION = YES;
				CLANG_WARN_OBJC_ROOT_CLASS = YES_ERROR;
				CLANG_WARN_QUOTED_INCLUDE_IN_FRAMEWORK_HEADER = YES;
				CLANG_WARN_RANGE_LOOP_ANALYSIS = YES;
				CLANG_WARN_STRICT_PROTOTYPES = YES;
				CLANG_WARN_SUSPICIOUS_MOVE = YES;
				CLANG_WARN_UNGUARDED_AVAILABILITY = YES_AGGRESSIVE;
				CLANG_WARN_UNREACHABLE_CODE = YES;
				CLANG_WARN__DUPLICATE_METHOD_MATCH = YES;
				COPY_PHASE_STRIP = NO;
				DEBUG_INFORMATION_FORMAT = "dwarf-with-dsym";
				ENABLE_NS_ASSERTIONS = NO;
				ENABLE_STRICT_OBJC_MSGSEND = YES;
				GCC_C_LANGUAGE_STANDARD = gnu11;
				GCC_NO_COMMON_BLOCKS = YES;
				GCC_WARN_64_TO_32_BIT_CONVERSION = YES;
				GCC_WARN_ABOUT_RETURN_TYPE = YES_ERROR;
				GCC_WARN_UNDECLARED_SELECTOR = YES;
				GCC_WARN_UNINITIALIZED_AUTOS = YES_AGGRESSIVE;
				GCC_WARN_UNUSED_FUNCTION = YES;
				GCC_WARN_UNUSED_VARIABLE = YES;
				MACOSX_DEPLOYMENT_TARGET = 13.3;
				MTL_ENABLE_DEBUG_INFO = NO;
				MTL_FAST_MATH = YES;
				SDKROOT = macosx;
				SWIFT_COMPILATION_MODE = wholemodule;
				SWIFT_OPTIMIZATION_LEVEL = "-O";
			};
			name = Release;
		};
		E7CF81122A28389600A7E5DF /* Debug */ = {
			isa = XCBuildConfiguration;
			buildSettings = {
				CODE_SIGN_STYLE = Automatic;
				PRODUCT_NAME = "$(TARGET_NAME)";
				SWIFT_VERSION = 5.0;
			};
			name = Debug;
		};
		E7CF81132A28389600A7E5DF /* Release */ = {
			isa = XCBuildConfiguration;
			buildSettings = {
				CODE_SIGN_STYLE = Automatic;
				PRODUCT_NAME = "$(TARGET_NAME)";
				SWIFT_VERSION = 5.0;
			};
			name = Release;
		};
/* End XCBuildConfiguration section */

/* Begin XCConfigurationList section */
		E7CF81052A28389600A7E5DF /* Build configuration list for PBXProject "sort_swift" */ = {
			isa = XCConfigurationList;
			buildConfigurations = (
				E7CF810F2A28389600A7E5DF /* Debug */,
				E7CF81102A28389600A7E5DF /* Release */,
			);
			defaultConfigurationIsVisible = 0;
			defaultConfigurationName = Release;
		};
		E7CF81112A28389600A7E5DF /* Build configuration list for PBXNativeTarget "sort_swift" */ = {
			isa = XCConfigurationList;
			buildConfigurations = (
				E7CF81122A28389600A7E5DF /* Debug */,
				E7CF81132A28389600A7E5DF /* Release */,
			);
			defaultConfigurationIsVisible = 0;
			defaultConfigurationName = Release;
		};
/* End XCConfigurationList section */
	};
	rootObject = E7CF81022A28389600A7E5DF /* Project object */;
}
