// !$*UTF8*$!
{
	archiveVersion = 1;
	classes = {
	};
	objectVersion = 50;
	objects = {

/* Begin PBXBuildFile section */
		925E5C832423373C00DE2054 /* main.c in Sources */ = {isa = PBXBuildFile; fileRef = 925E5C822423373C00DE2054 /* main.c */; };
		925E5C8B2423378300DE2054 /* BinaryTree.c in Sources */ = {isa = PBXBuildFile; fileRef = 925E5C892423378300DE2054 /* BinaryTree.c */; };
		925E5C902423383000DE2054 /* list_queue.c in Sources */ = {isa = PBXBuildFile; fileRef = 925E5C8C2423382F00DE2054 /* list_queue.c */; };
		925E5C912423383000DE2054 /* ListBinaryTree.c in Sources */ = {isa = PBXBuildFile; fileRef = 925E5C8D2423383000DE2054 /* ListBinaryTree.c */; };
/* End PBXBuildFile section */

/* Begin PBXCopyFilesBuildPhase section */
		925E5C7D2423373C00DE2054 /* CopyFiles */ = {
			isa = PBXCopyFilesBuildPhase;
			buildActionMask = 2147483647;
			dstPath = /usr/share/man/man1/;
			dstSubfolderSpec = 0;
			files = (
			);
			runOnlyForDeploymentPostprocessing = 1;
		};
/* End PBXCopyFilesBuildPhase section */

/* Begin PBXFileReference section */
		925E5C7F2423373C00DE2054 /* findCommonAncestor */ = {isa = PBXFileReference; explicitFileType = "compiled.mach-o.executable"; includeInIndex = 0; path = findCommonAncestor; sourceTree = BUILT_PRODUCTS_DIR; };
		925E5C822423373C00DE2054 /* main.c */ = {isa = PBXFileReference; lastKnownFileType = sourcecode.c.c; path = main.c; sourceTree = "<group>"; };
		925E5C892423378300DE2054 /* BinaryTree.c */ = {isa = PBXFileReference; fileEncoding = 4; lastKnownFileType = sourcecode.c.c; path = BinaryTree.c; sourceTree = "<group>"; };
		925E5C8A2423378300DE2054 /* BinaryTree.h */ = {isa = PBXFileReference; fileEncoding = 4; lastKnownFileType = sourcecode.c.h; path = BinaryTree.h; sourceTree = "<group>"; };
		925E5C8C2423382F00DE2054 /* list_queue.c */ = {isa = PBXFileReference; fileEncoding = 4; lastKnownFileType = sourcecode.c.c; path = list_queue.c; sourceTree = "<group>"; };
		925E5C8D2423383000DE2054 /* ListBinaryTree.c */ = {isa = PBXFileReference; fileEncoding = 4; lastKnownFileType = sourcecode.c.c; path = ListBinaryTree.c; sourceTree = "<group>"; };
		925E5C8E2423383000DE2054 /* list_queue.h */ = {isa = PBXFileReference; fileEncoding = 4; lastKnownFileType = sourcecode.c.h; path = list_queue.h; sourceTree = "<group>"; };
		925E5C8F2423383000DE2054 /* ListBinaryTree.h */ = {isa = PBXFileReference; fileEncoding = 4; lastKnownFileType = sourcecode.c.h; path = ListBinaryTree.h; sourceTree = "<group>"; };
/* End PBXFileReference section */

/* Begin PBXFrameworksBuildPhase section */
		925E5C7C2423373C00DE2054 /* Frameworks */ = {
			isa = PBXFrameworksBuildPhase;
			buildActionMask = 2147483647;
			files = (
			);
			runOnlyForDeploymentPostprocessing = 0;
		};
/* End PBXFrameworksBuildPhase section */

/* Begin PBXGroup section */
		925E5C762423373C00DE2054 = {
			isa = PBXGroup;
			children = (
				925E5C812423373C00DE2054 /* findCommonAncestor */,
				925E5C802423373C00DE2054 /* Products */,
			);
			sourceTree = "<group>";
		};
		925E5C802423373C00DE2054 /* Products */ = {
			isa = PBXGroup;
			children = (
				925E5C7F2423373C00DE2054 /* findCommonAncestor */,
			);
			name = Products;
			sourceTree = "<group>";
		};
		925E5C812423373C00DE2054 /* findCommonAncestor */ = {
			isa = PBXGroup;
			children = (
				925E5C8A2423378300DE2054 /* BinaryTree.h */,
				925E5C892423378300DE2054 /* BinaryTree.c */,
				925E5C8E2423383000DE2054 /* list_queue.h */,
				925E5C8C2423382F00DE2054 /* list_queue.c */,
				925E5C8F2423383000DE2054 /* ListBinaryTree.h */,
				925E5C8D2423383000DE2054 /* ListBinaryTree.c */,
				925E5C822423373C00DE2054 /* main.c */,
			);
			path = findCommonAncestor;
			sourceTree = "<group>";
		};
/* End PBXGroup section */

/* Begin PBXNativeTarget section */
		925E5C7E2423373C00DE2054 /* findCommonAncestor */ = {
			isa = PBXNativeTarget;
			buildConfigurationList = 925E5C862423373C00DE2054 /* Build configuration list for PBXNativeTarget "findCommonAncestor" */;
			buildPhases = (
				925E5C7B2423373C00DE2054 /* Sources */,
				925E5C7C2423373C00DE2054 /* Frameworks */,
				925E5C7D2423373C00DE2054 /* CopyFiles */,
			);
			buildRules = (
			);
			dependencies = (
			);
			name = findCommonAncestor;
			productName = findCommonAncestor;
			productReference = 925E5C7F2423373C00DE2054 /* findCommonAncestor */;
			productType = "com.apple.product-type.tool";
		};
/* End PBXNativeTarget section */

/* Begin PBXProject section */
		925E5C772423373C00DE2054 /* Project object */ = {
			isa = PBXProject;
			attributes = {
				LastUpgradeCheck = 1130;
				ORGANIZATIONNAME = Gmingyue;
				TargetAttributes = {
					925E5C7E2423373C00DE2054 = {
						CreatedOnToolsVersion = 11.3;
					};
				};
			};
			buildConfigurationList = 925E5C7A2423373C00DE2054 /* Build configuration list for PBXProject "findCommonAncestor" */;
			compatibilityVersion = "Xcode 9.3";
			developmentRegion = en;
			hasScannedForEncodings = 0;
			knownRegions = (
				en,
				Base,
			);
			mainGroup = 925E5C762423373C00DE2054;
			productRefGroup = 925E5C802423373C00DE2054 /* Products */;
			projectDirPath = "";
			projectRoot = "";
			targets = (
				925E5C7E2423373C00DE2054 /* findCommonAncestor */,
			);
		};
/* End PBXProject section */

/* Begin PBXSourcesBuildPhase section */
		925E5C7B2423373C00DE2054 /* Sources */ = {
			isa = PBXSourcesBuildPhase;
			buildActionMask = 2147483647;
			files = (
				925E5C8B2423378300DE2054 /* BinaryTree.c in Sources */,
				925E5C902423383000DE2054 /* list_queue.c in Sources */,
				925E5C912423383000DE2054 /* ListBinaryTree.c in Sources */,
				925E5C832423373C00DE2054 /* main.c in Sources */,
			);
			runOnlyForDeploymentPostprocessing = 0;
		};
/* End PBXSourcesBuildPhase section */

/* Begin XCBuildConfiguration section */
		925E5C842423373C00DE2054 /* Debug */ = {
			isa = XCBuildConfiguration;
			buildSettings = {
				ALWAYS_SEARCH_USER_PATHS = NO;
				CLANG_ANALYZER_NONNULL = YES;
				CLANG_ANALYZER_NUMBER_OBJECT_CONVERSION = YES_AGGRESSIVE;
				CLANG_CXX_LANGUAGE_STANDARD = "gnu++14";
				CLANG_CXX_LIBRARY = "libc++";
				CLANG_ENABLE_MODULES = YES;
				CLANG_ENABLE_OBJC_ARC = YES;
				CLANG_ENABLE_OBJC_WEAK = YES;
				CLANG_WARN_BLOCK_CAPTURE_AUTORELEASING = YES;
				CLANG_WARN_BOOL_CONVERSION = YES;
				CLANG_WARN_COMMA = YES;
				CLANG_WARN_CONSTANT_CONVERSION = YES;
				CLANG_WARN_DEPRECATED_OBJC_IMPLEMENTATIONS = YES;
				CLANG_WARN_DIRECT_OBJC_ISA_USAGE = YES_ERROR;
				CLANG_WARN_DOCUMENTATION_COMMENTS = YES;
				CLANG_WARN_EMPTY_BODY = YES;
				CLANG_WARN_ENUM_CONVERSION = YES;
				CLANG_WARN_INFINITE_RECURSION = YES;
				CLANG_WARN_INT_CONVERSION = YES;
				CLANG_WARN_NON_LITERAL_NULL_CONVERSION = YES;
				CLANG_WARN_OBJC_IMPLICIT_RETAIN_SELF = YES;
				CLANG_WARN_OBJC_LITERAL_CONVERSION = YES;
				CLANG_WARN_OBJC_ROOT_CLASS = YES_ERROR;
				CLANG_WARN_RANGE_LOOP_ANALYSIS = YES;
				CLANG_WARN_STRICT_PROTOTYPES = YES;
				CLANG_WARN_SUSPICIOUS_MOVE = YES;
				CLANG_WARN_UNGUARDED_AVAILABILITY = YES_AGGRESSIVE;
				CLANG_WARN_UNREACHABLE_CODE = YES;
				CLANG_WARN__DUPLICATE_METHOD_MATCH = YES;
				COPY_PHASE_STRIP = NO;
				DEBUG_INFORMATION_FORMAT = dwarf;
				ENABLE_STRICT_OBJC_MSGSEND = YES;
				ENABLE_TESTABILITY = YES;
				GCC_C_LANGUAGE_STANDARD = gnu11;
				GCC_DYNAMIC_NO_PIC = NO;
				GCC_NO_COMMON_BLOCKS = YES;
				GCC_OPTIMIZATION_LEVEL = 0;
				GCC_PREPROCESSOR_DEFINITIONS = (
					"DEBUG=1",
					"$(inherited)",
				);
				GCC_WARN_64_TO_32_BIT_CONVERSION = YES;
				GCC_WARN_ABOUT_RETURN_TYPE = YES_ERROR;
				GCC_WARN_UNDECLARED_SELECTOR = YES;
				GCC_WARN_UNINITIALIZED_AUTOS = YES_AGGRESSIVE;
				GCC_WARN_UNUSED_FUNCTION = YES;
				GCC_WARN_UNUSED_VARIABLE = YES;
				MACOSX_DEPLOYMENT_TARGET = 10.15;
				MTL_ENABLE_DEBUG_INFO = INCLUDE_SOURCE;
				MTL_FAST_MATH = YES;
				ONLY_ACTIVE_ARCH = YES;
				SDKROOT = macosx;
			};
			name = Debug;
		};
		925E5C852423373C00DE2054 /* Release */ = {
			isa = XCBuildConfiguration;
			buildSettings = {
				ALWAYS_SEARCH_USER_PATHS = NO;
				CLANG_ANALYZER_NONNULL = YES;
				CLANG_ANALYZER_NUMBER_OBJECT_CONVERSION = YES_AGGRESSIVE;
				CLANG_CXX_LANGUAGE_STANDARD = "gnu++14";
				CLANG_CXX_LIBRARY = "libc++";
				CLANG_ENABLE_MODULES = YES;
				CLANG_ENABLE_OBJC_ARC = YES;
				CLANG_ENABLE_OBJC_WEAK = YES;
				CLANG_WARN_BLOCK_CAPTURE_AUTORELEASING = YES;
				CLANG_WARN_BOOL_CONVERSION = YES;
				CLANG_WARN_COMMA = YES;
				CLANG_WARN_CONSTANT_CONVERSION = YES;
				CLANG_WARN_DEPRECATED_OBJC_IMPLEMENTATIONS = YES;
				CLANG_WARN_DIRECT_OBJC_ISA_USAGE = YES_ERROR;
				CLANG_WARN_DOCUMENTATION_COMMENTS = YES;
				CLANG_WARN_EMPTY_BODY = YES;
				CLANG_WARN_ENUM_CONVERSION = YES;
				CLANG_WARN_INFINITE_RECURSION = YES;
				CLANG_WARN_INT_CONVERSION = YES;
				CLANG_WARN_NON_LITERAL_NULL_CONVERSION = YES;
				CLANG_WARN_OBJC_IMPLICIT_RETAIN_SELF = YES;
				CLANG_WARN_OBJC_LITERAL_CONVERSION = YES;
				CLANG_WARN_OBJC_ROOT_CLASS = YES_ERROR;
				CLANG_WARN_RANGE_LOOP_ANALYSIS = YES;
				CLANG_WARN_STRICT_PROTOTYPES = YES;
				CLANG_WARN_SUSPICIOUS_MOVE = YES;
				CLANG_WARN_UNGUARDED_AVAILABILITY = YES_AGGRESSIVE;
				CLANG_WARN_UNREACHABLE_CODE = YES;
				CLANG_WARN__DUPLICATE_METHOD_MATCH = YES;
				COPY_PHASE_STRIP = NO;
				DEBUG_INFORMATION_FORMAT = "dwarf-with-dsym";
				ENABLE_NS_ASSERTIONS = NO;
				ENABLE_STRICT_OBJC_MSGSEND = YES;
				GCC_C_LANGUAGE_STANDARD = gnu11;
				GCC_NO_COMMON_BLOCKS = YES;
				GCC_WARN_64_TO_32_BIT_CONVERSION = YES;
				GCC_WARN_ABOUT_RETURN_TYPE = YES_ERROR;
				GCC_WARN_UNDECLARED_SELECTOR = YES;
				GCC_WARN_UNINITIALIZED_AUTOS = YES_AGGRESSIVE;
				GCC_WARN_UNUSED_FUNCTION = YES;
				GCC_WARN_UNUSED_VARIABLE = YES;
				MACOSX_DEPLOYMENT_TARGET = 10.15;
				MTL_ENABLE_DEBUG_INFO = NO;
				MTL_FAST_MATH = YES;
				SDKROOT = macosx;
			};
			name = Release;
		};
		925E5C872423373C00DE2054 /* Debug */ = {
			isa = XCBuildConfiguration;
			buildSettings = {
				CODE_SIGN_STYLE = Automatic;
				PRODUCT_NAME = "$(TARGET_NAME)";
			};
			name = Debug;
		};
		925E5C882423373C00DE2054 /* Release */ = {
			isa = XCBuildConfiguration;
			buildSettings = {
				CODE_SIGN_STYLE = Automatic;
				PRODUCT_NAME = "$(TARGET_NAME)";
			};
			name = Release;
		};
/* End XCBuildConfiguration section */

/* Begin XCConfigurationList section */
		925E5C7A2423373C00DE2054 /* Build configuration list for PBXProject "findCommonAncestor" */ = {
			isa = XCConfigurationList;
			buildConfigurations = (
				925E5C842423373C00DE2054 /* Debug */,
				925E5C852423373C00DE2054 /* Release */,
			);
			defaultConfigurationIsVisible = 0;
			defaultConfigurationName = Release;
		};
		925E5C862423373C00DE2054 /* Build configuration list for PBXNativeTarget "findCommonAncestor" */ = {
			isa = XCConfigurationList;
			buildConfigurations = (
				925E5C872423373C00DE2054 /* Debug */,
				925E5C882423373C00DE2054 /* Release */,
			);
			defaultConfigurationIsVisible = 0;
			defaultConfigurationName = Release;
		};
/* End XCConfigurationList section */
	};
	rootObject = 925E5C772423373C00DE2054 /* Project object */;
}
